# THIS IS AN AUTOGENERATED FILE. DO NOT EDIT THIS FILE DIRECTLY.
# yarn lockfile v1


less-loader@^12.2.0:
  version "12.2.0"
  resolved "https://registry.npmmirror.com/less-loader/-/less-loader-12.2.0.tgz#e1e94522f6abe9e064ef396c29a3151bc6c1b6cc"
  integrity sha512-MYUxjSQSBUQmowc0l5nPieOYwMzGPUaTzB6inNW/bdPEG9zOL3eAAD1Qw5ZxSPk7we5dMojHwNODYMV1hq4EVg==
